
Microsoft Visual Studio Solution File, Format Version 12.00
# Visual Studio Version 16
VisualStudioVersion = 16.0.31321.278
MinimumVisualStudioVersion = 10.0.40219.1
Project("{9A19103F-16F7-4668-BE54-9A1E7A4F7556}") = "DigitGallery.Data", "DigitGallery.Data\DigitGallery.Data.csproj", "{441114B6-935C-4478-8AEA-2693B1B07F4A}"
EndProject
Project("{9A19103F-16F7-4668-BE54-9A1E7A4F7556}") = "DigitGallery.ConsoleApp", "DigitGallery.ConsoleApp\DigitGallery.ConsoleApp.csproj", "{1037E1A5-E9D9-4CDA-9B91-05325600B817}"
EndProject
Project("{9A19103F-16F7-4668-BE54-9A1E7A4F7556}") = "DigitGallery.Models", "DigitGallery.Models\DigitGallery.Models.csproj", "{22818CFE-EF81-4895-A691-7839145DD059}"
EndProject
Project("{9A19103F-16F7-4668-BE54-9A1E7A4F7556}") = "DigitGallery.Services", "DigitGallery.Services\DigitGallery.Services.csproj", "{E7529C11-A9DB-41F2-9F0B-1AEF013E6661}"
EndProject
Project("{9A19103F-16F7-4668-BE54-9A1E7A4F7556}") = "DigitGallery.WebApp", "DigitGallery.WebApp\DigitGallery.WebApp.csproj", "{3482C57B-3B73-46DF-B663-1AAF12CC5564}"
EndProject
Project("{9A19103F-16F7-4668-BE54-9A1E7A4F7556}") = "DigitGallery.FormApp", "DigitGallery.FormApp\DigitGallery.FormApp.csproj", "{A8DF5C7B-72E4-430D-98B6-961FB0B80906}"
EndProject
Project("{FAE04EC0-301F-11D3-BF4B-00C04F79EFBC}") = "DigitGallery.DataProcessor", "DigitGallery.DataProcessor\DigitGallery.DataProcessor.csproj", "{F28EE028-A095-42B8-BFA5-E8AC304F4B90}"
EndProject
Global
	GlobalSection(SolutionConfigurationPlatforms) = preSolution
		Debug|Any CPU = Debug|Any CPU
		Release|Any CPU = Release|Any CPU
	EndGlobalSection
	GlobalSection(ProjectConfigurationPlatforms) = postSolution
		{441114B6-935C-4478-8AEA-2693B1B07F4A}.Debug|Any CPU.ActiveCfg = Debug|Any CPU
		{441114B6-935C-4478-8AEA-2693B1B07F4A}.Debug|Any CPU.Build.0 = Debug|Any CPU
		{441114B6-935C-4478-8AEA-2693B1B07F4A}.Release|Any CPU.ActiveCfg = Release|Any CPU
		{441114B6-935C-4478-8AEA-2693B1B07F4A}.Release|Any CPU.Build.0 = Release|Any CPU
		{1037E1A5-E9D9-4CDA-9B91-05325600B817}.Debug|Any CPU.ActiveCfg = Debug|Any CPU
		{1037E1A5-E9D9-4CDA-9B91-05325600B817}.Debug|Any CPU.Build.0 = Debug|Any CPU
		{1037E1A5-E9D9-4CDA-9B91-05325600B817}.Release|Any CPU.ActiveCfg = Release|Any CPU
		{1037E1A5-E9D9-4CDA-9B91-05325600B817}.Release|Any CPU.Build.0 = Release|Any CPU
		{22818CFE-EF81-4895-A691-7839145DD059}.Debug|Any CPU.ActiveCfg = Debug|Any CPU
		{22818CFE-EF81-4895-A691-7839145DD059}.Debug|Any CPU.Build.0 = Debug|Any CPU
		{22818CFE-EF81-4895-A691-7839145DD059}.Release|Any CPU.ActiveCfg = Release|Any CPU
		{22818CFE-EF81-4895-A691-7839145DD059}.Release|Any CPU.Build.0 = Release|Any CPU
		{E7529C11-A9DB-41F2-9F0B-1AEF013E6661}.Debug|Any CPU.ActiveCfg = Debug|Any CPU
		{E7529C11-A9DB-41F2-9F0B-1AEF013E6661}.Debug|Any CPU.Build.0 = Debug|Any CPU
		{E7529C11-A9DB-41F2-9F0B-1AEF013E6661}.Release|Any CPU.ActiveCfg = Release|Any CPU
		{E7529C11-A9DB-41F2-9F0B-1AEF013E6661}.Release|Any CPU.Build.0 = Release|Any CPU
		{3482C57B-3B73-46DF-B663-1AAF12CC5564}.Debug|Any CPU.ActiveCfg = Debug|Any CPU
		{3482C57B-3B73-46DF-B663-1AAF12CC5564}.Debug|Any CPU.Build.0 = Debug|Any CPU
		{3482C57B-3B73-46DF-B663-1AAF12CC5564}.Release|Any CPU.ActiveCfg = Release|Any CPU
		{3482C57B-3B73-46DF-B663-1AAF12CC5564}.Release|Any CPU.Build.0 = Release|Any CPU
		{A8DF5C7B-72E4-430D-98B6-961FB0B80906}.Debug|Any CPU.ActiveCfg = Debug|Any CPU
		{A8DF5C7B-72E4-430D-98B6-961FB0B80906}.Debug|Any CPU.Build.0 = Debug|Any CPU
		{A8DF5C7B-72E4-430D-98B6-961FB0B80906}.Release|Any CPU.ActiveCfg = Release|Any CPU
		{A8DF5C7B-72E4-430D-98B6-961FB0B80906}.Release|Any CPU.Build.0 = Release|Any CPU
		{F28EE028-A095-42B8-BFA5-E8AC304F4B90}.Debug|Any CPU.ActiveCfg = Debug|Any CPU
		{F28EE028-A095-42B8-BFA5-E8AC304F4B90}.Debug|Any CPU.Build.0 = Debug|Any CPU
		{F28EE028-A095-42B8-BFA5-E8AC304F4B90}.Release|Any CPU.ActiveCfg = Release|Any CPU
		{F28EE028-A095-42B8-BFA5-E8AC304F4B90}.Release|Any CPU.Build.0 = Release|Any CPU
	EndGlobalSection
	GlobalSection(SolutionProperties) = preSolution
		HideSolutionNode = FALSE
	EndGlobalSection
	GlobalSection(ExtensibilityGlobals) = postSolution
		SolutionGuid = {21A408DB-12EC-4272-806C-67721E8C867F}
	EndGlobalSection
EndGlobal
